
Microsoft Visual Studio Solution File, Format Version 12.00
# Visual Studio Version 17
VisualStudioVersion = 17.3.32804.467
MinimumVisualStudioVersion = 10.0.40219.1
Project("{FAE04EC0-301F-11D3-BF4B-00C04F79EFBC}") = "Kalitim", "Kalitim\Kalitim.csproj", "{1A937CC0-42EC-41A9-9BB6-9D272317C326}"
EndProject
Global
	GlobalSection(SolutionConfigurationPlatforms) = preSolution
		Debug|Any CPU = Debug|Any CPU
		Release|Any CPU = Release|Any CPU
	EndGlobalSection
	GlobalSection(ProjectConfigurationPlatforms) = postSolution
		{1A937CC0-42EC-41A9-9BB6-9D272317C326}.Debug|Any CPU.ActiveCfg = Debug|Any CPU
		{1A937CC0-42EC-41A9-9BB6-9D272317C326}.Debug|Any CPU.Build.0 = Debug|Any CPU
		{1A937CC0-42EC-41A9-9BB6-9D272317C326}.Release|Any CPU.ActiveCfg = Release|Any CPU
		{1A937CC0-42EC-41A9-9BB6-9D272317C326}.Release|Any CPU.Build.0 = Release|Any CPU
	EndGlobalSection
	GlobalSection(SolutionProperties) = preSolution
		HideSolutionNode = FALSE
	EndGlobalSection
	GlobalSection(ExtensibilityGlobals) = postSolution
		SolutionGuid = {AC9FFC7E-12F6-4018-B8EF-4358683820DE}
	EndGlobalSection
EndGlobal
